
Microsoft Visual Studio Solution File, Format Version 12.00
# Visual Studio Version 16
VisualStudioVersion = 16.0.30907.101
MinimumVisualStudioVersion = 10.0.40219.1
Project("{FAE04EC0-301F-11D3-BF4B-00C04F79EFBC}") = "Modul4HomeWorkConsoleApp1", "Modul4HomeWorkConsoleApp1\Modul4HomeWorkConsoleApp1.csproj", "{ABAA35FD-C6C4-42C3-9334-794CB6E4D140}"
EndProject
Project("{FAE04EC0-301F-11D3-BF4B-00C04F79EFBC}") = "Modul4HomeWorkConsoleApp2", "ConsoleApp2\Modul4HomeWorkConsoleApp2.csproj", "{5E26B05B-1300-43F6-B00E-5D569AC3F0AA}"
EndProject
Project("{FAE04EC0-301F-11D3-BF4B-00C04F79EFBC}") = "Modul4HomeWorkConsoleApp3", "Modul4HomeWorkConsoleApp3\Modul4HomeWorkConsoleApp3.csproj", "{1D513884-866F-44A1-8DCC-3A97BEDCC791}"
EndProject
Global
	GlobalSection(SolutionConfigurationPlatforms) = preSolution
		Debug|Any CPU = Debug|Any CPU
		Release|Any CPU = Release|Any CPU
	EndGlobalSection
	GlobalSection(ProjectConfigurationPlatforms) = postSolution
		{ABAA35FD-C6C4-42C3-9334-794CB6E4D140}.Debug|Any CPU.ActiveCfg = Debug|Any CPU
		{ABAA35FD-C6C4-42C3-9334-794CB6E4D140}.Debug|Any CPU.Build.0 = Debug|Any CPU
		{ABAA35FD-C6C4-42C3-9334-794CB6E4D140}.Release|Any CPU.ActiveCfg = Release|Any CPU
		{ABAA35FD-C6C4-42C3-9334-794CB6E4D140}.Release|Any CPU.Build.0 = Release|Any CPU
		{5E26B05B-1300-43F6-B00E-5D569AC3F0AA}.Debug|Any CPU.ActiveCfg = Debug|Any CPU
		{5E26B05B-1300-43F6-B00E-5D569AC3F0AA}.Debug|Any CPU.Build.0 = Debug|Any CPU
		{5E26B05B-1300-43F6-B00E-5D569AC3F0AA}.Release|Any CPU.ActiveCfg = Release|Any CPU
		{5E26B05B-1300-43F6-B00E-5D569AC3F0AA}.Release|Any CPU.Build.0 = Release|Any CPU
		{1D513884-866F-44A1-8DCC-3A97BEDCC791}.Debug|Any CPU.ActiveCfg = Debug|Any CPU
		{1D513884-866F-44A1-8DCC-3A97BEDCC791}.Debug|Any CPU.Build.0 = Debug|Any CPU
		{1D513884-866F-44A1-8DCC-3A97BEDCC791}.Release|Any CPU.ActiveCfg = Release|Any CPU
		{1D513884-866F-44A1-8DCC-3A97BEDCC791}.Release|Any CPU.Build.0 = Release|Any CPU
	EndGlobalSection
	GlobalSection(SolutionProperties) = preSolution
		HideSolutionNode = FALSE
	EndGlobalSection
	GlobalSection(ExtensibilityGlobals) = postSolution
		SolutionGuid = {1E398AC5-65F4-45DB-82BB-2BC086ACD992}
	EndGlobalSection
EndGlobal
